
Microsoft Visual Studio Solution File, Format Version 12.00
# Visual Studio 15
VisualStudioVersion = 15.0.26124.0
MinimumVisualStudioVersion = 15.0.26124.0
Project("{2150E333-8FDC-42A3-9474-1A3956D46DE8}") = "src", "src", "{9278DE4F-CDFE-4E0B-9C7D-1CE17063244A}"
EndProject
Project("{FAE04EC0-301F-11D3-BF4B-00C04F79EFBC}") = "PalTracker", "src\PalTracker\PalTracker.csproj", "{6464F96D-44EF-4EB3-A211-EEA1E356E5F8}"
EndProject
Project("{2150E333-8FDC-42A3-9474-1A3956D46DE8}") = "test", "test", "{9A6A155D-7412-4822-988F-576A8C0265FB}"
EndProject
Project("{FAE04EC0-301F-11D3-BF4B-00C04F79EFBC}") = "PalTrackerTests", "test\PalTrackerTests\PalTrackerTests.csproj", "{467A91BE-7874-4337-BAA5-5F862F489947}"
EndProject
Global
	GlobalSection(SolutionConfigurationPlatforms) = preSolution
		Debug|Any CPU = Debug|Any CPU
		Debug|x64 = Debug|x64
		Debug|x86 = Debug|x86
		Release|Any CPU = Release|Any CPU
		Release|x64 = Release|x64
		Release|x86 = Release|x86
	EndGlobalSection
	GlobalSection(SolutionProperties) = preSolution
		HideSolutionNode = FALSE
	EndGlobalSection
	GlobalSection(ProjectConfigurationPlatforms) = postSolution
		{6464F96D-44EF-4EB3-A211-EEA1E356E5F8}.Debug|Any CPU.ActiveCfg = Debug|Any CPU
		{6464F96D-44EF-4EB3-A211-EEA1E356E5F8}.Debug|Any CPU.Build.0 = Debug|Any CPU
		{6464F96D-44EF-4EB3-A211-EEA1E356E5F8}.Debug|x64.ActiveCfg = Debug|x64
		{6464F96D-44EF-4EB3-A211-EEA1E356E5F8}.Debug|x64.Build.0 = Debug|x64
		{6464F96D-44EF-4EB3-A211-EEA1E356E5F8}.Debug|x86.ActiveCfg = Debug|x86
		{6464F96D-44EF-4EB3-A211-EEA1E356E5F8}.Debug|x86.Build.0 = Debug|x86
		{6464F96D-44EF-4EB3-A211-EEA1E356E5F8}.Release|Any CPU.ActiveCfg = Release|Any CPU
		{6464F96D-44EF-4EB3-A211-EEA1E356E5F8}.Release|Any CPU.Build.0 = Release|Any CPU
		{6464F96D-44EF-4EB3-A211-EEA1E356E5F8}.Release|x64.ActiveCfg = Release|x64
		{6464F96D-44EF-4EB3-A211-EEA1E356E5F8}.Release|x64.Build.0 = Release|x64
		{6464F96D-44EF-4EB3-A211-EEA1E356E5F8}.Release|x86.ActiveCfg = Release|x86
		{6464F96D-44EF-4EB3-A211-EEA1E356E5F8}.Release|x86.Build.0 = Release|x86
		{467A91BE-7874-4337-BAA5-5F862F489947}.Debug|Any CPU.ActiveCfg = Debug|Any CPU
		{467A91BE-7874-4337-BAA5-5F862F489947}.Debug|Any CPU.Build.0 = Debug|Any CPU
		{467A91BE-7874-4337-BAA5-5F862F489947}.Debug|x64.ActiveCfg = Debug|x64
		{467A91BE-7874-4337-BAA5-5F862F489947}.Debug|x64.Build.0 = Debug|x64
		{467A91BE-7874-4337-BAA5-5F862F489947}.Debug|x86.ActiveCfg = Debug|x86
		{467A91BE-7874-4337-BAA5-5F862F489947}.Debug|x86.Build.0 = Debug|x86
		{467A91BE-7874-4337-BAA5-5F862F489947}.Release|Any CPU.ActiveCfg = Release|Any CPU
		{467A91BE-7874-4337-BAA5-5F862F489947}.Release|Any CPU.Build.0 = Release|Any CPU
		{467A91BE-7874-4337-BAA5-5F862F489947}.Release|x64.ActiveCfg = Release|x64
		{467A91BE-7874-4337-BAA5-5F862F489947}.Release|x64.Build.0 = Release|x64
		{467A91BE-7874-4337-BAA5-5F862F489947}.Release|x86.ActiveCfg = Release|x86
		{467A91BE-7874-4337-BAA5-5F862F489947}.Release|x86.Build.0 = Release|x86
	EndGlobalSection
	GlobalSection(NestedProjects) = preSolution
		{6464F96D-44EF-4EB3-A211-EEA1E356E5F8} = {9278DE4F-CDFE-4E0B-9C7D-1CE17063244A}
		{467A91BE-7874-4337-BAA5-5F862F489947} = {9A6A155D-7412-4822-988F-576A8C0265FB}
	EndGlobalSection
EndGlobal
